
Microsoft Visual Studio Solution File, Format Version 12.00
# Visual Studio Version 16
VisualStudioVersion = 16.0.31729.503
MinimumVisualStudioVersion = 10.0.40219.1
Project("{9A19103F-16F7-4668-BE54-9A1E7A4F7556}") = "ConnectionController", "ConnectionController\ConnectionController.csproj", "{60210686-C465-4509-825C-5725BF335B1E}"
EndProject
Project("{9A19103F-16F7-4668-BE54-9A1E7A4F7556}") = "Model", "Model\Model.csproj", "{0397BA7A-25BA-435D-807C-ED31A1712CCD}"
EndProject
Global
	GlobalSection(SolutionConfigurationPlatforms) = preSolution
		Debug|Any CPU = Debug|Any CPU
		Release|Any CPU = Release|Any CPU
	EndGlobalSection
	GlobalSection(ProjectConfigurationPlatforms) = postSolution
		{60210686-C465-4509-825C-5725BF335B1E}.Debug|Any CPU.ActiveCfg = Debug|Any CPU
		{60210686-C465-4509-825C-5725BF335B1E}.Debug|Any CPU.Build.0 = Debug|Any CPU
		{60210686-C465-4509-825C-5725BF335B1E}.Release|Any CPU.ActiveCfg = Release|Any CPU
		{60210686-C465-4509-825C-5725BF335B1E}.Release|Any CPU.Build.0 = Release|Any CPU
		{0397BA7A-25BA-435D-807C-ED31A1712CCD}.Debug|Any CPU.ActiveCfg = Debug|Any CPU
		{0397BA7A-25BA-435D-807C-ED31A1712CCD}.Debug|Any CPU.Build.0 = Debug|Any CPU
		{0397BA7A-25BA-435D-807C-ED31A1712CCD}.Release|Any CPU.ActiveCfg = Release|Any CPU
		{0397BA7A-25BA-435D-807C-ED31A1712CCD}.Release|Any CPU.Build.0 = Release|Any CPU
	EndGlobalSection
	GlobalSection(SolutionProperties) = preSolution
		HideSolutionNode = FALSE
	EndGlobalSection
	GlobalSection(ExtensibilityGlobals) = postSolution
		SolutionGuid = {861266EF-7A9A-4AFE-831C-905A107AA279}
	EndGlobalSection
EndGlobal
